dependencies:
  roarr: 2.15.4
  serialize-error: 7.0.1
devDependencies:
  '@types/roarr': 2.14.2
lockfileVersion: 5.1
packages:
  /@types/roarr/2.14.2:
    dev: true
    resolution:
      integrity: sha512-rY5HIihpTElJJImqMOodetry1GVkOwaXn4QRmk7cAVFh+w5pc8mz5ChktH0d+i9ChPZrq5zydSv5vaRpJ3YGsg==
  /boolean/3.0.1:
    dev: false
    resolution:
      integrity: sha512-HRZPIjPcbwAVQvOTxR4YE3o8Xs98NqbbL1iEZDCz7CL8ql0Lt5iOyJFxfnAB0oFs8Oh02F/lLlg30Mexv46LjA==
  /define-properties/1.1.3:
    dependencies:
      object-keys: 1.1.1
    dev: false
    engines:
      node: '>= 0.4'
    resolution:
      integrity: sha512-3MqfYKj2lLzdMSf8ZIZE/V+Zuy+BgD6f164e8K2w7dgnpKArBDerGYpM46IYYcjnkdPNMjPk9A6VFB8+3SKlXQ==
  /detect-node/2.0.4:
    dev: false
    resolution:
      integrity: sha512-ZIzRpLJrOj7jjP2miAtgqIfmzbxa4ZOr5jJc601zklsfEx9oTzmmj2nVpIPRpNlRTIh8lc1kyViIY7BWSGNmKw==
  /globalthis/1.0.1:
    dependencies:
      define-properties: 1.1.3
    dev: false
    engines:
      node: '>= 0.4'
    resolution:
      integrity: sha512-mJPRTc/P39NH/iNG4mXa9aIhNymaQikTrnspeCa2ZuJ+mH2QN/rXwtX3XwKrHqWgUQFbNZKtHM105aHzJalElw==
  /json-stringify-safe/5.0.1:
    dev: false
    resolution:
      integrity: sha1-Epai1Y/UXxmg9s4B1lcB4sc1tus=
  /object-keys/1.1.1:
    dev: false
    engines:
      node: '>= 0.4'
    resolution:
      integrity: sha512-NuAESUOUMrlIXOfHKzD6bpPu3tYt3xvjNdRIQ+FeT0lNb4K8WR70CaDxhuNguS2XG+GjkyMwOzsN5ZktImfhLA==
  /roarr/2.15.4:
    dependencies:
      boolean: 3.0.1
      detect-node: 2.0.4
      globalthis: 1.0.1
      json-stringify-safe: 5.0.1
      semver-compare: 1.0.0
      sprintf-js: 1.1.2
    dev: false
    engines:
      node: '>=8.0'
    resolution:
      integrity: sha512-CHhPh+UNHD2GTXNYhPWLnU8ONHdI+5DI+4EYIAOaiD63rHeYlZvyh8P+in5999TTSFgUYuKUAjzRI4mdh/p+2A==
  /semver-compare/1.0.0:
    dev: false
    resolution:
      integrity: sha1-De4hahyUGrN+nvsXiPavxf9VN/w=
  /serialize-error/7.0.1:
    dependencies:
      type-fest: 0.13.1
    dev: false
    engines:
      node: '>=10'
    resolution:
      integrity: sha512-8I8TjW5KMOKsZQTvoxjuSIa7foAwPWGOts+6o7sgjz41/qMD9VQHEDxi6PBvK2l0MXUmqZyNpUK+T2tQaaElvw==
  /sprintf-js/1.1.2:
    dev: false
    resolution:
      integrity: sha512-VE0SOVEHCk7Qc8ulkWw3ntAzXuqf7S2lvwQaDLRnUeIEaKNQJzV6BwmLKhOqT61aGhfUMrXeaBk+oDGCzvhcug==
  /type-fest/0.13.1:
    dev: false
    engines:
      node: '>=10'
    resolution:
      integrity: sha512-34R7HTnG0XIJcBSn5XhDd7nNFPRcXYRZrBB2O2jdKqYODldSzBAqzsWoZYYvduky73toYS/ESqxPvkDf/F0XMg==
specifiers:
  '@types/roarr': ^2.14.2
  roarr: ^2.15.4
  serialize-error: ^7.0.1
